
Microsoft Visual Studio Solution File, Format Version 12.00
# Visual Studio Version 17
VisualStudioVersion = 17.0.31903.59
MinimumVisualStudioVersion = 10.0.40219.1
Project("{2150E333-8FDC-42A3-9474-1A3956D46DE8}") = "Bootstrapper", "Bootstrapper", "{5310A871-B8F0-0791-A052-C8A19D59FF82}"
EndProject
Project("{2150E333-8FDC-42A3-9474-1A3956D46DE8}") = "Modules", "Modules", "{7E5E3D99-03B0-3438-6A3D-D9E8D97DA366}"
EndProject
Project("{2150E333-8FDC-42A3-9474-1A3956D46DE8}") = "Shared", "Shared", "{4F52FD11-658E-A102-6CD3-7D7C16FFA15B}"
EndProject
Project("{FAE04EC0-301F-11D3-BF4B-00C04F79EFBC}") = "Api", "Bootstrapper\Api\Api.csproj", "{AC64B73E-52BE-49D3-AAC8-A6BEFBCE6D77}"
EndProject
Project("{2150E333-8FDC-42A3-9474-1A3956D46DE8}") = "Basket", "Basket", "{5B90F3B5-5CBA-1E82-BB56-8C9B8582351A}"
EndProject
Project("{2150E333-8FDC-42A3-9474-1A3956D46DE8}") = "Catalog", "Catalog", "{7629A560-8340-0907-1E30-F228C45DA4F9}"
EndProject
Project("{2150E333-8FDC-42A3-9474-1A3956D46DE8}") = "Ordering", "Ordering", "{989E3909-93E6-4785-CF40-7CC5319A2B81}"
EndProject
Project("{FAE04EC0-301F-11D3-BF4B-00C04F79EFBC}") = "Catalog", "Modules\Catalog\Catalog\Catalog.csproj", "{5D2B70F4-DCD3-4D93-AC3B-9106293D3A95}"
EndProject
Project("{FAE04EC0-301F-11D3-BF4B-00C04F79EFBC}") = "Basket", "Modules\Basket\Basket\Basket.csproj", "{F27889AA-B63D-49C1-88B0-DF966CB06B87}"
EndProject
Project("{FAE04EC0-301F-11D3-BF4B-00C04F79EFBC}") = "Ordering", "Modules\Ordering\Ordering\Ordering.csproj", "{C868D371-008D-45BA-A3D9-3ADF05646A99}"
EndProject
Project("{FAE04EC0-301F-11D3-BF4B-00C04F79EFBC}") = "Shared", "Shared\Shared\Shared.csproj", "{DCC3F7B3-0135-48F5-95AC-DF1FCA02F3FD}"
EndProject
Project("{FAE04EC0-301F-11D3-BF4B-00C04F79EFBC}") = "Catalog.Contracts", "Modules\Catalog\Catalog.Contracts\Catalog.Contracts.csproj", "{D4160B71-B4CB-4700-A784-3EADEFFAAE91}"
EndProject
Project("{FAE04EC0-301F-11D3-BF4B-00C04F79EFBC}") = "Shared.Contracts", "Shared.Contracts\Shared.Contracts.csproj", "{F00964B1-D3EE-4BF9-92EE-3468ED3EBDEA}"
EndProject
Project("{FAE04EC0-301F-11D3-BF4B-00C04F79EFBC}") = "Shared.Messaging", "Shared\Shared.Messaging\Shared.Messaging.csproj", "{16525A7F-D60B-4433-9123-CB588E2709D0}"
EndProject
Global
	GlobalSection(SolutionConfigurationPlatforms) = preSolution
		Debug|Any CPU = Debug|Any CPU
		Release|Any CPU = Release|Any CPU
	EndGlobalSection
	GlobalSection(ProjectConfigurationPlatforms) = postSolution
		{AC64B73E-52BE-49D3-AAC8-A6BEFBCE6D77}.Debug|Any CPU.ActiveCfg = Debug|Any CPU
		{AC64B73E-52BE-49D3-AAC8-A6BEFBCE6D77}.Debug|Any CPU.Build.0 = Debug|Any CPU
		{AC64B73E-52BE-49D3-AAC8-A6BEFBCE6D77}.Release|Any CPU.ActiveCfg = Release|Any CPU
		{AC64B73E-52BE-49D3-AAC8-A6BEFBCE6D77}.Release|Any CPU.Build.0 = Release|Any CPU
		{5D2B70F4-DCD3-4D93-AC3B-9106293D3A95}.Debug|Any CPU.ActiveCfg = Debug|Any CPU
		{5D2B70F4-DCD3-4D93-AC3B-9106293D3A95}.Debug|Any CPU.Build.0 = Debug|Any CPU
		{5D2B70F4-DCD3-4D93-AC3B-9106293D3A95}.Release|Any CPU.ActiveCfg = Release|Any CPU
		{5D2B70F4-DCD3-4D93-AC3B-9106293D3A95}.Release|Any CPU.Build.0 = Release|Any CPU
		{F27889AA-B63D-49C1-88B0-DF966CB06B87}.Debug|Any CPU.ActiveCfg = Debug|Any CPU
		{F27889AA-B63D-49C1-88B0-DF966CB06B87}.Debug|Any CPU.Build.0 = Debug|Any CPU
		{F27889AA-B63D-49C1-88B0-DF966CB06B87}.Release|Any CPU.ActiveCfg = Release|Any CPU
		{F27889AA-B63D-49C1-88B0-DF966CB06B87}.Release|Any CPU.Build.0 = Release|Any CPU
		{C868D371-008D-45BA-A3D9-3ADF05646A99}.Debug|Any CPU.ActiveCfg = Debug|Any CPU
		{C868D371-008D-45BA-A3D9-3ADF05646A99}.Debug|Any CPU.Build.0 = Debug|Any CPU
		{C868D371-008D-45BA-A3D9-3ADF05646A99}.Release|Any CPU.ActiveCfg = Release|Any CPU
		{C868D371-008D-45BA-A3D9-3ADF05646A99}.Release|Any CPU.Build.0 = Release|Any CPU
		{DCC3F7B3-0135-48F5-95AC-DF1FCA02F3FD}.Debug|Any CPU.ActiveCfg = Debug|Any CPU
		{DCC3F7B3-0135-48F5-95AC-DF1FCA02F3FD}.Debug|Any CPU.Build.0 = Debug|Any CPU
		{DCC3F7B3-0135-48F5-95AC-DF1FCA02F3FD}.Release|Any CPU.ActiveCfg = Release|Any CPU
		{DCC3F7B3-0135-48F5-95AC-DF1FCA02F3FD}.Release|Any CPU.Build.0 = Release|Any CPU
		{D4160B71-B4CB-4700-A784-3EADEFFAAE91}.Debug|Any CPU.ActiveCfg = Debug|Any CPU
		{D4160B71-B4CB-4700-A784-3EADEFFAAE91}.Debug|Any CPU.Build.0 = Debug|Any CPU
		{D4160B71-B4CB-4700-A784-3EADEFFAAE91}.Release|Any CPU.ActiveCfg = Release|Any CPU
		{D4160B71-B4CB-4700-A784-3EADEFFAAE91}.Release|Any CPU.Build.0 = Release|Any CPU
		{F00964B1-D3EE-4BF9-92EE-3468ED3EBDEA}.Debug|Any CPU.ActiveCfg = Debug|Any CPU
		{F00964B1-D3EE-4BF9-92EE-3468ED3EBDEA}.Debug|Any CPU.Build.0 = Debug|Any CPU
		{F00964B1-D3EE-4BF9-92EE-3468ED3EBDEA}.Release|Any CPU.ActiveCfg = Release|Any CPU
		{F00964B1-D3EE-4BF9-92EE-3468ED3EBDEA}.Release|Any CPU.Build.0 = Release|Any CPU
		{16525A7F-D60B-4433-9123-CB588E2709D0}.Debug|Any CPU.ActiveCfg = Debug|Any CPU
		{16525A7F-D60B-4433-9123-CB588E2709D0}.Debug|Any CPU.Build.0 = Debug|Any CPU
		{16525A7F-D60B-4433-9123-CB588E2709D0}.Release|Any CPU.ActiveCfg = Release|Any CPU
		{16525A7F-D60B-4433-9123-CB588E2709D0}.Release|Any CPU.Build.0 = Release|Any CPU
	EndGlobalSection
	GlobalSection(SolutionProperties) = preSolution
		HideSolutionNode = FALSE
	EndGlobalSection
	GlobalSection(NestedProjects) = preSolution
		{AC64B73E-52BE-49D3-AAC8-A6BEFBCE6D77} = {5310A871-B8F0-0791-A052-C8A19D59FF82}
		{5B90F3B5-5CBA-1E82-BB56-8C9B8582351A} = {7E5E3D99-03B0-3438-6A3D-D9E8D97DA366}
		{7629A560-8340-0907-1E30-F228C45DA4F9} = {7E5E3D99-03B0-3438-6A3D-D9E8D97DA366}
		{989E3909-93E6-4785-CF40-7CC5319A2B81} = {7E5E3D99-03B0-3438-6A3D-D9E8D97DA366}
		{5D2B70F4-DCD3-4D93-AC3B-9106293D3A95} = {7629A560-8340-0907-1E30-F228C45DA4F9}
		{F27889AA-B63D-49C1-88B0-DF966CB06B87} = {5B90F3B5-5CBA-1E82-BB56-8C9B8582351A}
		{C868D371-008D-45BA-A3D9-3ADF05646A99} = {989E3909-93E6-4785-CF40-7CC5319A2B81}
		{DCC3F7B3-0135-48F5-95AC-DF1FCA02F3FD} = {4F52FD11-658E-A102-6CD3-7D7C16FFA15B}
		{D4160B71-B4CB-4700-A784-3EADEFFAAE91} = {7629A560-8340-0907-1E30-F228C45DA4F9}
		{F00964B1-D3EE-4BF9-92EE-3468ED3EBDEA} = {4F52FD11-658E-A102-6CD3-7D7C16FFA15B}
		{16525A7F-D60B-4433-9123-CB588E2709D0} = {4F52FD11-658E-A102-6CD3-7D7C16FFA15B}
	EndGlobalSection
EndGlobal
